
Microsoft Visual Studio Solution File, Format Version 12.00
# Visual Studio Version 16
VisualStudioVersion = 16.0.30907.101
MinimumVisualStudioVersion = 10.0.40219.1
Project("{9A19103F-16F7-4668-BE54-9A1E7A4F7556}") = "Snake", "Snake\Snake.csproj", "{268B4DBE-397C-4569-865B-9E89A203061D}"
EndProject
Project("{FAE04EC0-301F-11D3-BF4B-00C04F79EFBC}") = "SnakeTests", "SnakeTests\SnakeTests.csproj", "{B811AF8C-85F1-4232-865C-69FB2995B5DF}"
EndProject
Global
	GlobalSection(SolutionConfigurationPlatforms) = preSolution
		Debug|Any CPU = Debug|Any CPU
		Release|Any CPU = Release|Any CPU
	EndGlobalSection
	GlobalSection(ProjectConfigurationPlatforms) = postSolution
		{268B4DBE-397C-4569-865B-9E89A203061D}.Debug|Any CPU.ActiveCfg = Debug|Any CPU
		{268B4DBE-397C-4569-865B-9E89A203061D}.Debug|Any CPU.Build.0 = Debug|Any CPU
		{268B4DBE-397C-4569-865B-9E89A203061D}.Release|Any CPU.ActiveCfg = Release|Any CPU
		{268B4DBE-397C-4569-865B-9E89A203061D}.Release|Any CPU.Build.0 = Release|Any CPU
		{B811AF8C-85F1-4232-865C-69FB2995B5DF}.Debug|Any CPU.ActiveCfg = Debug|Any CPU
		{B811AF8C-85F1-4232-865C-69FB2995B5DF}.Debug|Any CPU.Build.0 = Debug|Any CPU
		{B811AF8C-85F1-4232-865C-69FB2995B5DF}.Release|Any CPU.ActiveCfg = Release|Any CPU
		{B811AF8C-85F1-4232-865C-69FB2995B5DF}.Release|Any CPU.Build.0 = Release|Any CPU
	EndGlobalSection
	GlobalSection(SolutionProperties) = preSolution
		HideSolutionNode = FALSE
	EndGlobalSection
	GlobalSection(ExtensibilityGlobals) = postSolution
		SolutionGuid = {6017C0DF-B320-4435-9455-CB2715AFCA70}
	EndGlobalSection
EndGlobal
